
Microsoft Visual Studio Solution File, Format Version 12.00
# Visual Studio Version 17
VisualStudioVersion = 17.6.33829.357
MinimumVisualStudioVersion = 10.0.40219.1
Project("{FAE04EC0-301F-11D3-BF4B-00C04F79EFBC}") = "Soil", "Soil\Soil.csproj", "{65C51AD9-2665-4C48-92C8-18A12D5C13D9}"
EndProject
Global
	GlobalSection(SolutionConfigurationPlatforms) = preSolution
		Debug|Any CPU = Debug|Any CPU
		Release|Any CPU = Release|Any CPU
	EndGlobalSection
	GlobalSection(ProjectConfigurationPlatforms) = postSolution
		{65C51AD9-2665-4C48-92C8-18A12D5C13D9}.Debug|Any CPU.ActiveCfg = Debug|Any CPU
		{65C51AD9-2665-4C48-92C8-18A12D5C13D9}.Debug|Any CPU.Build.0 = Debug|Any CPU
		{65C51AD9-2665-4C48-92C8-18A12D5C13D9}.Release|Any CPU.ActiveCfg = Release|Any CPU
		{65C51AD9-2665-4C48-92C8-18A12D5C13D9}.Release|Any CPU.Build.0 = Release|Any CPU
	EndGlobalSection
	GlobalSection(SolutionProperties) = preSolution
		HideSolutionNode = FALSE
	EndGlobalSection
	GlobalSection(ExtensibilityGlobals) = postSolution
		SolutionGuid = {9B023F51-8C81-4BFD-8305-0385D55D359D}
	EndGlobalSection
EndGlobal
